<?xml version="1.0" encoding="utf-8"?>
<Project ToolsVersion="4.0" xmlns="http://schemas.microsoft.com/developer/msbuild/2003">
  <ItemGroup>
    <Filter Include="Source Files">
      <UniqueIdentifier>{4FC737F1-C7A5-4376-A066-2A32D752A2FF}</UniqueIdentifier>
      <Extensions>cpp;c;cc;cxx;def;odl;idl;hpj;bat;asm;asmx</Extensions>
    </Filter>
    <Filter Include="Header Files">
      <UniqueIdentifier>{93995380-89BD-4b04-88EB-625FBE52EBFB}</UniqueIdentifier>
      <Extensions>h;hh;hpp;hxx;hm;inl;inc;xsd</Extensions>
    </Filter>
    <Filter Include="Resource Files">
      <UniqueIdentifier>{67DA6AB6-F800-4c08-8B7A-83BB121AAD01}</UniqueIdentifier>
      <Extensions>rc;ico;cur;bmp;dlg;rc2;rct;bin;rgs;gif;jpg;jpeg;jpe;resx;tiff;tif;png;wav;mfcribbon-ms</Extensions>
    </Filter>
  </ItemGroup>
  <ItemGroup>
    <ClCompile Include="Source.cpp">
      <Filter>Source Files</Filter>
    </ClCompile>
    <ClCompile Include="Person.cpp">
      <Filter>Source Files</Filter>
    </ClCompile>
    <ClCompile Include="AnalystFunctionals.cpp">
      <Filter>Source Files</Filter>
    </ClCompile>
    <ClCompile Include="BillsReader.cpp">
      <Filter>Source Files</Filter>
    </ClCompile>
    <ClCompile Include="Functions.cpp">
      <Filter>Source Files</Filter>
    </ClCompile>
    <ClCompile Include="Report.cpp">
      <Filter>Source Files</Filter>
    </ClCompile>
    <ClCompile Include="Logo.cpp">
      <Filter>Source Files</Filter>
    </ClCompile>
    <ClCompile Include="Pretprogram.cpp">
      <Filter>Source Files</Filter>
    </ClCompile>
    <ClCompile Include="AdminFunctionals.cpp">
      <Filter>Source Files</Filter>
    </ClCompile>
    <ClCompile Include="Format3.cpp">
      <Filter>Source Files</Filter>
    </ClCompile>
    <ClCompile Include="Article.cpp">
      <Filter>Source Files</Filter>
    </ClCompile>
    <ClCompile Include="Buyer.cpp">
      <Filter>Source Files</Filter>
    </ClCompile>
    <ClCompile Include="Date.cpp">
      <Filter>Source Files</Filter>
    </ClCompile>
    <ClCompile Include="Receipt.cpp">
      <Filter>Source Files</Filter>
    </ClCompile>
    <ClCompile Include="format5.cpp">
      <Filter>Source Files</Filter>
    </ClCompile>
    <ClCompile Include="format4.cpp">
      <Filter>Source Files</Filter>
    </ClCompile>
    <ClCompile Include="BuyerReport.cpp">
      <Filter>Source Files</Filter>
    </ClCompile>
    <ClCompile Include="Format1.cpp">
      <Filter>Source Files</Filter>
    </ClCompile>
    <ClCompile Include="Format2.cpp">
      <Filter>Source Files</Filter>
    </ClCompile>
    <ClCompile Include="ArticleReport.cpp">
      <Filter>Source Files</Filter>
    </ClCompile>
    <ClCompile Include="MonthlyReport.cpp">
      <Filter>Source Files</Filter>
    </ClCompile>
    <ClCompile Include="periodreport.cpp">
      <Filter>Source Files</Filter>
    </ClCompile>
    <ClCompile Include="BuyerDateReport.cpp">
      <Filter>Source Files</Filter>
    </ClCompile>
  </ItemGroup>
  <ItemGroup>
    <ClInclude Include="Person.h">
      <Filter>Header Files</Filter>
    </ClInclude>
    <ClInclude Include="AnalystFunctionals.h">
      <Filter>Header Files</Filter>
    </ClInclude>
    <ClInclude Include="BillsReader.h">
      <Filter>Header Files</Filter>
    </ClInclude>
    <ClInclude Include="Functions.h">
      <Filter>Header Files</Filter>
    </ClInclude>
    <ClInclude Include="Report.h">
      <Filter>Header Files</Filter>
    </ClInclude>
    <ClInclude Include="Logo.h">
      <Filter>Header Files</Filter>
    </ClInclude>
    <ClInclude Include="Pretprogram.h">
      <Filter>Header Files</Filter>
    </ClInclude>
    <ClInclude Include="AdminFunctionals.h">
      <Filter>Header Files</Filter>
    </ClInclude>
    <ClInclude Include="Format3.h">
      <Filter>Header Files</Filter>
    </ClInclude>
    <ClInclude Include="Format4.h">
      <Filter>Header Files</Filter>
    </ClInclude>
    <ClInclude Include="Article.h">
      <Filter>Header Files</Filter>
    </ClInclude>
    <ClInclude Include="Buyer.h">
      <Filter>Header Files</Filter>
    </ClInclude>
    <ClInclude Include="Date.h">
      <Filter>Header Files</Filter>
    </ClInclude>
    <ClInclude Include="Receipt.h">
      <Filter>Header Files</Filter>
    </ClInclude>
    <ClInclude Include="format5.h">
      <Filter>Header Files</Filter>
    </ClInclude>
    <ClInclude Include="BuyerReport.h">
      <Filter>Header Files</Filter>
    </ClInclude>
    <ClInclude Include="Format1.h">
      <Filter>Header Files</Filter>
    </ClInclude>
    <ClInclude Include="Format2.h">
      <Filter>Header Files</Filter>
    </ClInclude>
    <ClInclude Include="ArticleReport.h">
      <Filter>Header Files</Filter>
    </ClInclude>
    <ClInclude Include="MonthlyReport.h">
      <Filter>Header Files</Filter>
    </ClInclude>
    <ClInclude Include="periodreport.h">
      <Filter>Header Files</Filter>
    </ClInclude>
    <ClInclude Include="BuyerDateReport.h">
      <Filter>Header Files</Filter>
    </ClInclude>
  </ItemGroup>
  <ItemGroup>
    <ResourceCompile Include="resource.rc">
      <Filter>Resource Files</Filter>
    </ResourceCompile>
  </ItemGroup>
</Project>